{
  "name": "@codemux/plugin-sdk",
  "version": "1.0.0",
  "lockfileVersion": 3,
  "requires": true,
  "packages": {
    "": {
      "name": "@codemux/plugin-sdk",
      "version": "1.0.0",
      "license": "MIT",
      "dependencies": {
        "@remote-dom/core": "1.11.1",
        "@remote-dom/preact": "1.3.0",
        "preact": "10.29.8"
      },
      "devDependencies": {
        "typescript": "5.6.2"
      }
    },
    "node_modules/@preact/signals": {
      "version": "1.3.4",
      "resolved": "https://registry.npmjs.org/@preact/signals/-/signals-1.3.4.tgz",
      "integrity": "sha512-TPMkStdT0QpSc8FpB63aOwXoSiZyIrPsP9Uj347KopdS6olZdAYeeird/5FZv/M1Yc1ge5qstub2o8VDbvkT4g==",
      "license": "MIT",
      "peer": true,
      "dependencies": {
        "@preact/signals-core": "^1.7.0"
      },
      "funding": {
        "type": "opencollective",
        "url": "https://opencollective.com/preact"
      },
      "peerDependencies": {
        "preact": "10.x"
      }
    },
    "node_modules/@preact/signals-core": {
      "version": "1.14.4",
      "resolved": "https://registry.npmjs.org/@preact/signals-core/-/signals-core-1.14.4.tgz",
      "integrity": "sha512-HNB6HYeYKhQbJ1aKl+YRjrS4+QWHLKX6qKoUsfS/m0vqzsVaEBiZiaKbG/e+NKk2ch5ALQr/ihWaMHxiCuuWHA==",
      "license": "MIT",
      "peer": true,
      "funding": {
        "type": "opencollective",
        "url": "https://opencollective.com/preact"
      }
    },
    "node_modules/@remote-dom/core": {
      "version": "1.11.1",
      "resolved": "https://registry.npmjs.org/@remote-dom/core/-/core-1.11.1.tgz",
      "integrity": "sha512-0v29Q7F/iunb2cJm3E7r780X6jcPEFEgetSGisgRssJuoP9217yC1MKLVFNdXRmJYKX+oaugQKqaD2m8XA9dTQ==",
      "license": "MIT",
      "dependencies": {
        "@remote-dom/polyfill": "^1.5.1",
        "htm": "^3.1.1"
      },
      "engines": {
        "node": ">=14.0.0"
      },
      "peerDependencies": {
        "@preact/signals-core": "^1.3.0"
      },
      "peerDependenciesMeta": {
        "@preact/signals-core": {
          "optional": true
        },
        "preact": {
          "optional": true
        }
      }
    },
    "node_modules/@remote-dom/polyfill": {
      "version": "1.5.1",
      "resolved": "https://registry.npmjs.org/@remote-dom/polyfill/-/polyfill-1.5.1.tgz",
      "integrity": "sha512-eaWdIVKZpNfbqspKkRQLVxiFv/7vIw8u0FVA5oy52YANFbO/WVT0GU+PQmRt/QUSijaB36HBAqx7stjo8HGpVQ==",
      "license": "MIT",
      "engines": {
        "node": ">=14.0.0"
      }
    },
    "node_modules/@remote-dom/preact": {
      "version": "1.3.0",
      "resolved": "https://registry.npmjs.org/@remote-dom/preact/-/preact-1.3.0.tgz",
      "integrity": "sha512-Esp4zYdSWL/AuSvgzi1Hnzt3lG/IURBj7OLOY/VQnMxycXMFMMhxaknkZkH7Q1PWg1iDUhkvF9cQ0cQYqyoibA==",
      "license": "MIT",
      "dependencies": {
        "@remote-dom/core": "^1.7.0",
        "@remote-dom/signals": "^2.1.0",
        "htm": "^3.1.1"
      },
      "engines": {
        "node": ">=14.0.0"
      },
      "peerDependencies": {
        "@preact/signals": "^1.2.0",
        "@preact/signals-core": "^1.3.0",
        "preact": "^10.0.0"
      },
      "peerDependenciesMeta": {
        "@preact/signals-core": {
          "optional": true
        },
        "preact": {
          "optional": true
        }
      }
    },
    "node_modules/@remote-dom/signals": {
      "version": "2.1.1",
      "resolved": "https://registry.npmjs.org/@remote-dom/signals/-/signals-2.1.1.tgz",
      "integrity": "sha512-0ZHV8Tmz/QdSlcl3beJGrBTTpc8sD8Rkshyci/4xuRmuJHznsgHIp7duueOGDquAw2WImCrleVo5UYthc4V/OQ==",
      "license": "MIT",
      "dependencies": {
        "@remote-dom/core": "^1.11.1"
      },
      "engines": {
        "node": ">=14.0.0"
      },
      "peerDependencies": {
        "@preact/signals-core": "^1.3.0"
      },
      "peerDependenciesMeta": {
        "@preact/signals-core": {
          "optional": true
        }
      }
    },
    "node_modules/htm": {
      "version": "3.1.1",
      "resolved": "https://registry.npmjs.org/htm/-/htm-3.1.1.tgz",
      "integrity": "sha512-983Vyg8NwUE7JkZ6NmOqpCZ+sh1bKv2iYTlUkzlWmA5JD2acKoxd4KVxbMmxX/85mtfdnDmTFoNKcg5DGAvxNQ==",
      "license": "Apache-2.0"
    },
    "node_modules/preact": {
      "version": "10.29.8",
      "resolved": "https://registry.npmjs.org/preact/-/preact-10.29.8.tgz",
      "integrity": "sha512-ej2aVZ+vZ8WO7tvlQWRM9N63A0KzF9q4mWJfDUHgYaIofWY9hu74QdnQrjoPMmZi2/nZ5gN0bJCQF49xQqx09Q==",
      "license": "MIT",
      "funding": {
        "type": "opencollective",
        "url": "https://opencollective.com/preact"
      },
      "peerDependencies": {
        "preact-render-to-string": ">=5"
      },
      "peerDependenciesMeta": {
        "preact-render-to-string": {
          "optional": true
        }
      }
    },
    "node_modules/typescript": {
      "version": "5.6.2",
      "resolved": "https://registry.npmjs.org/typescript/-/typescript-5.6.2.tgz",
      "integrity": "sha512-NW8ByodCSNCwZeghjN3o+JX5OFH0Ojg6sadjEKY4huZ52TqbJTJnDo5+Tw98lSy63NZvi4n+ez5m2u5d4PkZyw==",
      "dev": true,
      "license": "Apache-2.0",
      "bin": {
        "tsc": "bin/tsc",
        "tsserver": "bin/tsserver"
      },
      "engines": {
        "node": ">=14.17"
      }
    }
  }
}
